
Microsoft Visual Studio Solution File, Format Version 12.00
# Visual Studio Version 16
VisualStudioVersion = 16.0.32510.428
MinimumVisualStudioVersion = 10.0.40219.1
Project("{FAE04EC0-301F-11D3-BF4B-00C04F79EFBC}") = "Ex1", "Ex1\Ex1.csproj", "{3373123F-5CC6-402E-9AA7-2DD5BC871445}"
EndProject
Project("{FAE04EC0-301F-11D3-BF4B-00C04F79EFBC}") = "Ex2", "Ex2\Ex2.csproj", "{CF87935A-83A7-4680-9CC5-245637855893}"
EndProject
Project("{FAE04EC0-301F-11D3-BF4B-00C04F79EFBC}") = "Ex3", "Ex3\Ex3.csproj", "{E9E92F1A-8E0F-4634-9F78-0DA8CFBE39F0}"
EndProject
Project("{FAE04EC0-301F-11D3-BF4B-00C04F79EFBC}") = "Ex4", "Ex4\Ex4.csproj", "{5AFD969E-B667-48B7-AD48-CC7D69A411A5}"
EndProject
Project("{FAE04EC0-301F-11D3-BF4B-00C04F79EFBC}") = "Ex5", "Ex5\Ex5.csproj", "{A13CC0C0-5E87-47C5-91B1-692FDCD982D8}"
EndProject
Global
	GlobalSection(SolutionConfigurationPlatforms) = preSolution
		Debug|Any CPU = Debug|Any CPU
		Release|Any CPU = Release|Any CPU
	EndGlobalSection
	GlobalSection(ProjectConfigurationPlatforms) = postSolution
		{3373123F-5CC6-402E-9AA7-2DD5BC871445}.Debug|Any CPU.ActiveCfg = Debug|Any CPU
		{3373123F-5CC6-402E-9AA7-2DD5BC871445}.Debug|Any CPU.Build.0 = Debug|Any CPU
		{3373123F-5CC6-402E-9AA7-2DD5BC871445}.Release|Any CPU.ActiveCfg = Release|Any CPU
		{3373123F-5CC6-402E-9AA7-2DD5BC871445}.Release|Any CPU.Build.0 = Release|Any CPU
		{CF87935A-83A7-4680-9CC5-245637855893}.Debug|Any CPU.ActiveCfg = Debug|Any CPU
		{CF87935A-83A7-4680-9CC5-245637855893}.Debug|Any CPU.Build.0 = Debug|Any CPU
		{CF87935A-83A7-4680-9CC5-245637855893}.Release|Any CPU.ActiveCfg = Release|Any CPU
		{CF87935A-83A7-4680-9CC5-245637855893}.Release|Any CPU.Build.0 = Release|Any CPU
		{E9E92F1A-8E0F-4634-9F78-0DA8CFBE39F0}.Debug|Any CPU.ActiveCfg = Debug|Any CPU
		{E9E92F1A-8E0F-4634-9F78-0DA8CFBE39F0}.Debug|Any CPU.Build.0 = Debug|Any CPU
		{E9E92F1A-8E0F-4634-9F78-0DA8CFBE39F0}.Release|Any CPU.ActiveCfg = Release|Any CPU
		{E9E92F1A-8E0F-4634-9F78-0DA8CFBE39F0}.Release|Any CPU.Build.0 = Release|Any CPU
		{5AFD969E-B667-48B7-AD48-CC7D69A411A5}.Debug|Any CPU.ActiveCfg = Debug|Any CPU
		{5AFD969E-B667-48B7-AD48-CC7D69A411A5}.Debug|Any CPU.Build.0 = Debug|Any CPU
		{5AFD969E-B667-48B7-AD48-CC7D69A411A5}.Release|Any CPU.ActiveCfg = Release|Any CPU
		{5AFD969E-B667-48B7-AD48-CC7D69A411A5}.Release|Any CPU.Build.0 = Release|Any CPU
		{A13CC0C0-5E87-47C5-91B1-692FDCD982D8}.Debug|Any CPU.ActiveCfg = Debug|Any CPU
		{A13CC0C0-5E87-47C5-91B1-692FDCD982D8}.Debug|Any CPU.Build.0 = Debug|Any CPU
		{A13CC0C0-5E87-47C5-91B1-692FDCD982D8}.Release|Any CPU.ActiveCfg = Release|Any CPU
		{A13CC0C0-5E87-47C5-91B1-692FDCD982D8}.Release|Any CPU.Build.0 = Release|Any CPU
	EndGlobalSection
	GlobalSection(SolutionProperties) = preSolution
		HideSolutionNode = FALSE
	EndGlobalSection
	GlobalSection(ExtensibilityGlobals) = postSolution
		SolutionGuid = {D2CFB3F3-EC4B-4150-BAD4-2F119D7D37C3}
	EndGlobalSection
EndGlobal
